
Microsoft Visual Studio Solution File, Format Version 12.00
# Visual Studio Version 16
VisualStudioVersion = 16.0.31624.102
MinimumVisualStudioVersion = 10.0.40219.1
Project("{FAE04EC0-301F-11D3-BF4B-00C04F79EFBC}") = "ClienteConsoleWindowsConsumindoSignalR", "ClienteConsoleWindowsConsumindoSignalR.csproj", "{DA132999-37BE-4F34-A90B-12FECA7907F5}"
EndProject
Global
	GlobalSection(SolutionConfigurationPlatforms) = preSolution
		Debug|Any CPU = Debug|Any CPU
		Release|Any CPU = Release|Any CPU
	EndGlobalSection
	GlobalSection(ProjectConfigurationPlatforms) = postSolution
		{DA132999-37BE-4F34-A90B-12FECA7907F5}.Debug|Any CPU.ActiveCfg = Debug|Any CPU
		{DA132999-37BE-4F34-A90B-12FECA7907F5}.Debug|Any CPU.Build.0 = Debug|Any CPU
		{DA132999-37BE-4F34-A90B-12FECA7907F5}.Release|Any CPU.ActiveCfg = Release|Any CPU
		{DA132999-37BE-4F34-A90B-12FECA7907F5}.Release|Any CPU.Build.0 = Release|Any CPU
	EndGlobalSection
	GlobalSection(SolutionProperties) = preSolution
		HideSolutionNode = FALSE
	EndGlobalSection
	GlobalSection(ExtensibilityGlobals) = postSolution
		SolutionGuid = {70FEFA1F-2DF8-468A-A353-4EDF5E15B00F}
	EndGlobalSection
EndGlobal
